{
  "name": "@mux/blurup",
  "version": "0.0.0",
  "lockfileVersion": 3,
  "requires": true,
  "packages": {
    "": {
      "name": "@mux/blurup",
      "version": "0.0.0",
      "license": "MIT",
      "dependencies": {
        "image-dimensions": "^2.3.0"
      },
      "devDependencies": {
        "wet-run": "^1.2.0"
      }
    },
    "node_modules/@hono/node-server": {
      "version": "1.9.1",
      "resolved": "https://registry.npmjs.org/@hono/node-server/-/node-server-1.9.1.tgz",
      "integrity": "sha512-XBru0xbtRlTZJyAiFJLn7XDKbCVXBaRhVQAQhB9TwND2gwj8jf9SDWIj/7VxVtNAjURJf7Ofcz58DRA6DPYiWA==",
      "dev": true,
      "engines": {
        "node": ">=18.14.1"
      }
    },
    "node_modules/hono": {
      "version": "4.2.1",
      "resolved": "https://registry.npmjs.org/hono/-/hono-4.2.1.tgz",
      "integrity": "sha512-yDv/6esHiDgq5fvsALTNyNiRxktOplO6LfSMgIkGE+E5vF8axsUfcyfzzlbLYM9ZQDMuws/ZLGUGWwYnAwCcNw==",
      "dev": true,
      "engines": {
        "node": ">=16.0.0"
      }
    },
    "node_modules/image-dimensions": {
      "version": "2.3.0",
      "resolved": "https://registry.npmjs.org/image-dimensions/-/image-dimensions-2.3.0.tgz",
      "integrity": "sha512-8Ar3lsO6+/JLfnUeHnR8Jp/IyQR85Jut5t4Swy1yiXNwj/xM9h5V53v5KE/m/ZSMG4qGRopnSy37uPzKyQCv0A==",
      "bin": {
        "image-dimensions": "cli.js"
      },
      "engines": {
        "node": ">=18"
      },
      "funding": {
        "url": "https://github.com/sponsors/sindresorhus"
      }
    },
    "node_modules/playwright-core": {
      "version": "1.42.1",
      "resolved": "https://registry.npmjs.org/playwright-core/-/playwright-core-1.42.1.tgz",
      "integrity": "sha512-mxz6zclokgrke9p1vtdy/COWBH+eOZgYUVVU34C73M+4j4HLlQJHtfcqiqqxpP0o8HhMkflvfbquLX5dg6wlfA==",
      "dev": true,
      "bin": {
        "playwright-core": "cli.js"
      },
      "engines": {
        "node": ">=16"
      }
    },
    "node_modules/wet-run": {
      "version": "1.2.0",
      "resolved": "https://registry.npmjs.org/wet-run/-/wet-run-1.2.0.tgz",
      "integrity": "sha512-cIrZmv8bG6LZ+wDW+9E1qjrPIIoRs/kzozr1ZC37N4UuGTH4LldFWkTnOcda0J50JvI/b//kwHgKpG1BfBMQzg==",
      "dev": true,
      "dependencies": {
        "@hono/node-server": "^1.7.0",
        "hono": "^4.0.2",
        "playwright-core": "^1.41.2",
        "ws": "^8.16.0"
      },
      "bin": {
        "wet": "src/cli.js"
      },
      "engines": {
        "node": ">=18.3.0"
      }
    },
    "node_modules/ws": {
      "version": "8.16.0",
      "resolved": "https://registry.npmjs.org/ws/-/ws-8.16.0.tgz",
      "integrity": "sha512-HS0c//TP7Ina87TfiPUz1rQzMhHrl/SG2guqRcTOIUYD2q8uhUdNHZYJUaQ8aTGPzCh+c6oawMKW35nFl1dxyQ==",
      "dev": true,
      "engines": {
        "node": ">=10.0.0"
      },
      "peerDependencies": {
        "bufferutil": "^4.0.1",
        "utf-8-validate": ">=5.0.2"
      },
      "peerDependenciesMeta": {
        "bufferutil": {
          "optional": true
        },
        "utf-8-validate": {
          "optional": true
        }
      }
    }
  }
}
