{
  "name": "@mux/blurup",
  "version": "0.2.3",
  "lockfileVersion": 3,
  "requires": true,
  "packages": {
    "": {
      "name": "@mux/blurup",
      "version": "0.2.3",
      "license": "MIT",
      "dependencies": {
        "image-dimensions": "^2.3.0"
      },
      "devDependencies": {
        "typescript": "^5.4.4",
        "wet-run": "^1.2.1"
      }
    },
    "node_modules/@hono/node-server": {
      "version": "1.9.1",
      "resolved": "https://registry.npmjs.org/@hono/node-server/-/node-server-1.9.1.tgz",
      "integrity": "sha512-XBru0xbtRlTZJyAiFJLn7XDKbCVXBaRhVQAQhB9TwND2gwj8jf9SDWIj/7VxVtNAjURJf7Ofcz58DRA6DPYiWA==",
      "dev": true,
      "engines": {
        "node": ">=18.14.1"
      }
    },
    "node_modules/hono": {
      "version": "4.2.2",
      "resolved": "https://registry.npmjs.org/hono/-/hono-4.2.2.tgz",
      "integrity": "sha512-mDmjBHF6uBNN3TASdAbDCFsN9FLbrlgXyFZkhLEkU7hUgk0+T9hcsUrL/nho4qV+Xk0RDHx7gop4Q1gelZZVRw==",
      "dev": true,
      "engines": {
        "node": ">=16.0.0"
      }
    },
    "node_modules/image-dimensions": {
      "version": "2.3.0",
      "resolved": "https://registry.npmjs.org/image-dimensions/-/image-dimensions-2.3.0.tgz",
      "integrity": "sha512-8Ar3lsO6+/JLfnUeHnR8Jp/IyQR85Jut5t4Swy1yiXNwj/xM9h5V53v5KE/m/ZSMG4qGRopnSy37uPzKyQCv0A==",
      "bin": {
        "image-dimensions": "cli.js"
      },
      "engines": {
        "node": ">=18"
      },
      "funding": {
        "url": "https://github.com/sponsors/sindresorhus"
      }
    },
    "node_modules/playwright-core": {
      "version": "1.43.0",
      "resolved": "https://registry.npmjs.org/playwright-core/-/playwright-core-1.43.0.tgz",
      "integrity": "sha512-iWFjyBUH97+pUFiyTqSLd8cDMMOS0r2ZYz2qEsPjH8/bX++sbIJT35MSwKnp1r/OQBAqC5XO99xFbJ9XClhf4w==",
      "dev": true,
      "bin": {
        "playwright-core": "cli.js"
      },
      "engines": {
        "node": ">=16"
      }
    },
    "node_modules/typescript": {
      "version": "5.4.4",
      "resolved": "https://registry.npmjs.org/typescript/-/typescript-5.4.4.tgz",
      "integrity": "sha512-dGE2Vv8cpVvw28v8HCPqyb08EzbBURxDpuhJvTrusShUfGnhHBafDsLdS1EhhxyL6BJQE+2cT3dDPAv+MQ6oLw==",
      "dev": true,
      "bin": {
        "tsc": "bin/tsc",
        "tsserver": "bin/tsserver"
      },
      "engines": {
        "node": ">=14.17"
      }
    },
    "node_modules/wet-run": {
      "version": "1.2.1",
      "resolved": "https://registry.npmjs.org/wet-run/-/wet-run-1.2.1.tgz",
      "integrity": "sha512-rFwDbMWqvfkTpQcI7MhKY1dKZXP3XGuKR8IlZinRmSn7O/FZFSoTq8VF5Wc8AHGPkESG/Il8nqtr916LGvpCtA==",
      "dev": true,
      "dependencies": {
        "@hono/node-server": "^1.9.1",
        "hono": "^4.2.2",
        "playwright-core": "^1.43.0",
        "ws": "^8.16.0"
      },
      "bin": {
        "wet": "src/cli.js"
      },
      "engines": {
        "node": ">=18.3.0"
      }
    },
    "node_modules/ws": {
      "version": "8.16.0",
      "resolved": "https://registry.npmjs.org/ws/-/ws-8.16.0.tgz",
      "integrity": "sha512-HS0c//TP7Ina87TfiPUz1rQzMhHrl/SG2guqRcTOIUYD2q8uhUdNHZYJUaQ8aTGPzCh+c6oawMKW35nFl1dxyQ==",
      "dev": true,
      "engines": {
        "node": ">=10.0.0"
      },
      "peerDependencies": {
        "bufferutil": "^4.0.1",
        "utf-8-validate": ">=5.0.2"
      },
      "peerDependenciesMeta": {
        "bufferutil": {
          "optional": true
        },
        "utf-8-validate": {
          "optional": true
        }
      }
    }
  }
}
